// !$*UTF8*$!
{
	archiveVersion = 1;
	classes = {
	};
	objectVersion = 46;
	objects = {

/* Begin PBXBuildFile section */
		9738FC901DFF1CEC00FF6A4A /* AppDelegate.swift in Sources */ = {isa = PBXBuildFile; fileRef = 9738FC8F1DFF1CEC00FF6A4A /* AppDelegate.swift */; };
		9738FC921DFF1CEC00FF6A4A /* ViewController.swift in Sources */ = {isa = PBXBuildFile; fileRef = 9738FC911DFF1CEC00FF6A4A /* ViewController.swift */; };
		9738FC971DFF1CEC00FF6A4A /* Main.storyboard in Resources */ = {isa = PBXBuildFile; fileRef = 9738FC951DFF1CEC00FF6A4A /* Main.storyboard */; };
		9738FC9F1DFF1D5800FF6A4A /* WindowController.swift in Sources */ = {isa = PBXBuildFile; fileRef = 9738FC9E1DFF1D5800FF6A4A /* WindowController.swift */; };
		9738FCA81DFF25FA00FF6A4A /* Images.xcassets in Resources */ = {isa = PBXBuildFile; fileRef = 9738FCA71DFF25FA00FF6A4A /* Images.xcassets */; };
		9738FCAC1DFF2AD900FF6A4A /* sounds in Resources */ = {isa = PBXBuildFile; fileRef = 9738FCAB1DFF2AD900FF6A4A /* sounds */; };
/* End PBXBuildFile section */

/* Begin PBXFileReference section */
		9738FC8C1DFF1CEC00FF6A4A /* Soundbar.app */ = {isa = PBXFileReference; explicitFileType = wrapper.application; includeInIndex = 0; path = Soundbar.app; sourceTree = BUILT_PRODUCTS_DIR; };
		9738FC8F1DFF1CEC00FF6A4A /* AppDelegate.swift */ = {isa = PBXFileReference; lastKnownFileType = sourcecode.swift; path = AppDelegate.swift; sourceTree = "<group>"; };
		9738FC911DFF1CEC00FF6A4A /* ViewController.swift */ = {isa = PBXFileReference; lastKnownFileType = sourcecode.swift; path = ViewController.swift; sourceTree = "<group>"; };
		9738FC961DFF1CEC00FF6A4A /* Base */ = {isa = PBXFileReference; lastKnownFileType = file.storyboard; name = Base; path = Base.lproj/Main.storyboard; sourceTree = "<group>"; };
		9738FC981DFF1CEC00FF6A4A /* Info.plist */ = {isa = PBXFileReference; lastKnownFileType = text.plist.xml; path = Info.plist; sourceTree = "<group>"; };
		9738FC9E1DFF1D5800FF6A4A /* WindowController.swift */ = {isa = PBXFileReference; fileEncoding = 4; lastKnownFileType = sourcecode.swift; path = WindowController.swift; sourceTree = "<group>"; };
		9738FCA71DFF25FA00FF6A4A /* Images.xcassets */ = {isa = PBXFileReference; lastKnownFileType = folder.assetcatalog; path = Images.xcassets; sourceTree = "<group>"; };
		9738FCAB1DFF2AD900FF6A4A /* sounds */ = {isa = PBXFileReference; lastKnownFileType = folder; path = sounds; sourceTree = "<group>"; };
/* End PBXFileReference section */

/* Begin PBXFrameworksBuildPhase section */
		9738FC891DFF1CEC00FF6A4A /* Frameworks */ = {
			isa = PBXFrameworksBuildPhase;
			buildActionMask = 2147483647;
			files = (
			);
			runOnlyForDeploymentPostprocessing = 0;
		};
/* End PBXFrameworksBuildPhase section */

/* Begin PBXGroup section */
		9738FC831DFF1CEC00FF6A4A = {
			isa = PBXGroup;
			children = (
				9738FC8E1DFF1CEC00FF6A4A /* Soundbar */,
				9738FC8D1DFF1CEC00FF6A4A /* Products */,
			);
			sourceTree = "<group>";
		};
		9738FC8D1DFF1CEC00FF6A4A /* Products */ = {
			isa = PBXGroup;
			children = (
				9738FC8C1DFF1CEC00FF6A4A /* Soundbar.app */,
			);
			name = Products;
			sourceTree = "<group>";
		};
		9738FC8E1DFF1CEC00FF6A4A /* Soundbar */ = {
			isa = PBXGroup;
			children = (
				9738FCAB1DFF2AD900FF6A4A /* sounds */,
				9738FC8F1DFF1CEC00FF6A4A /* AppDelegate.swift */,
				9738FC911DFF1CEC00FF6A4A /* ViewController.swift */,
				9738FC951DFF1CEC00FF6A4A /* Main.storyboard */,
				9738FC981DFF1CEC00FF6A4A /* Info.plist */,
				9738FC9E1DFF1D5800FF6A4A /* WindowController.swift */,
				9738FCA71DFF25FA00FF6A4A /* Images.xcassets */,
			);
			path = Soundbar;
			sourceTree = "<group>";
		};
/* End PBXGroup section */

/* Begin PBXNativeTarget section */
		9738FC8B1DFF1CEC00FF6A4A /* Soundbar */ = {
			isa = PBXNativeTarget;
			buildConfigurationList = 9738FC9B1DFF1CEC00FF6A4A /* Build configuration list for PBXNativeTarget "Soundbar" */;
			buildPhases = (
				9738FC881DFF1CEC00FF6A4A /* Sources */,
				9738FC891DFF1CEC00FF6A4A /* Frameworks */,
				9738FC8A1DFF1CEC00FF6A4A /* Resources */,
			);
			buildRules = (
			);
			dependencies = (
			);
			name = Soundbar;
			productName = Soundbar;
			productReference = 9738FC8C1DFF1CEC00FF6A4A /* Soundbar.app */;
			productType = "com.apple.product-type.application";
		};
/* End PBXNativeTarget section */

/* Begin PBXProject section */
		9738FC841DFF1CEC00FF6A4A /* Project object */ = {
			isa = PBXProject;
			attributes = {
				LastSwiftUpdateCheck = 0810;
				LastUpgradeCheck = 0810;
				ORGANIZATIONNAME = "Florian Glappa";
				TargetAttributes = {
					9738FC8B1DFF1CEC00FF6A4A = {
						CreatedOnToolsVersion = 8.1;
						DevelopmentTeam = B7SAGRFTP6;
						ProvisioningStyle = Automatic;
					};
				};
			};
			buildConfigurationList = 9738FC871DFF1CEC00FF6A4A /* Build configuration list for PBXProject "Soundbar" */;
			compatibilityVersion = "Xcode 3.2";
			developmentRegion = English;
			hasScannedForEncodings = 0;
			knownRegions = (
				en,
				Base,
			);
			mainGroup = 9738FC831DFF1CEC00FF6A4A;
			productRefGroup = 9738FC8D1DFF1CEC00FF6A4A /* Products */;
			projectDirPath = "";
			projectRoot = "";
			targets = (
				9738FC8B1DFF1CEC00FF6A4A /* Soundbar */,
			);
		};
/* End PBXProject section */

/* Begin PBXResourcesBuildPhase section */
		9738FC8A1DFF1CEC00FF6A4A /* Resources */ = {
			isa = PBXResourcesBuildPhase;
			buildActionMask = 2147483647;
			files = (
				9738FC971DFF1CEC00FF6A4A /* Main.storyboard in Resources */,
				9738FCA81DFF25FA00FF6A4A /* Images.xcassets in Resources */,
				9738FCAC1DFF2AD900FF6A4A /* sounds in Resources */,
			);
			runOnlyForDeploymentPostprocessing = 0;
		};
/* End PBXResourcesBuildPhase section */

/* Begin PBXSourcesBuildPhase section */
		9738FC881DFF1CEC00FF6A4A /* Sources */ = {
			isa = PBXSourcesBuildPhase;
			buildActionMask = 2147483647;
			files = (
				9738FC921DFF1CEC00FF6A4A /* ViewController.swift in Sources */,
				9738FC9F1DFF1D5800FF6A4A /* WindowController.swift in Sources */,
				9738FC901DFF1CEC00FF6A4A /* AppDelegate.swift in Sources */,
			);
			runOnlyForDeploymentPostprocessing = 0;
		};
/* End PBXSourcesBuildPhase section */

/* Begin PBXVariantGroup section */
		9738FC951DFF1CEC00FF6A4A /* Main.storyboard */ = {
			isa = PBXVariantGroup;
			children = (
				9738FC961DFF1CEC00FF6A4A /* Base */,
			);
			name = Main.storyboard;
			sourceTree = "<group>";
		};
/* End PBXVariantGroup section */

/* Begin XCBuildConfiguration section */
		9738FC991DFF1CEC00FF6A4A /* Debug */ = {
			isa = XCBuildConfiguration;
			buildSettings = {
				ALWAYS_SEARCH_USER_PATHS = NO;
				CLANG_ANALYZER_NONNULL = YES;
				CLANG_CXX_LANGUAGE_STANDARD = "gnu++0x";
				CLANG_CXX_LIBRARY = "libc++";
				CLANG_ENABLE_MODULES = YES;
				CLANG_ENABLE_OBJC_ARC = YES;
				CLANG_WARN_BOOL_CONVERSION = YES;
				CLANG_WARN_CONSTANT_CONVERSION = YES;
				CLANG_WARN_DIRECT_OBJC_ISA_USAGE = YES_ERROR;
				CLANG_WARN_DOCUMENTATION_COMMENTS = YES;
				CLANG_WARN_EMPTY_BODY = YES;
				CLANG_WARN_ENUM_CONVERSION = YES;
				CLANG_WARN_INFINITE_RECURSION = YES;
				CLANG_WARN_INT_CONVERSION = YES;
				CLANG_WARN_OBJC_ROOT_CLASS = YES_ERROR;
				CLANG_WARN_SUSPICIOUS_MOVES = YES;
				CLANG_WARN_UNREACHABLE_CODE = YES;
				CLANG_WARN__DUPLICATE_METHOD_MATCH = YES;
				CODE_SIGN_IDENTITY = "-";
				COPY_PHASE_STRIP = NO;
				DEBUG_INFORMATION_FORMAT = dwarf;
				ENABLE_STRICT_OBJC_MSGSEND = YES;
				ENABLE_TESTABILITY = YES;
				GCC_C_LANGUAGE_STANDARD = gnu99;
				GCC_DYNAMIC_NO_PIC = NO;
				GCC_NO_COMMON_BLOCKS = YES;
				GCC_OPTIMIZATION_LEVEL = 0;
				GCC_PREPROCESSOR_DEFINITIONS = (
					"DEBUG=1",
					"$(inherited)",
				);
				GCC_WARN_64_TO_32_BIT_CONVERSION = YES;
				GCC_WARN_ABOUT_RETURN_TYPE = YES_ERROR;
				GCC_WARN_UNDECLARED_SELECTOR = YES;
				GCC_WARN_UNINITIALIZED_AUTOS = YES_AGGRESSIVE;
				GCC_WARN_UNUSED_FUNCTION = YES;
				GCC_WARN_UNUSED_VARIABLE = YES;
				MACOSX_DEPLOYMENT_TARGET = 10.12;
				MTL_ENABLE_DEBUG_INFO = YES;
				ONLY_ACTIVE_ARCH = YES;
				SDKROOT = macosx;
				SWIFT_ACTIVE_COMPILATION_CONDITIONS = DEBUG;
				SWIFT_OPTIMIZATION_LEVEL = "-Onone";
			};
			name = Debug;
		};
		9738FC9A1DFF1CEC00FF6A4A /* Release */ = {
			isa = XCBuildConfiguration;
			buildSettings = {
				ALWAYS_SEARCH_USER_PATHS = NO;
				CLANG_ANALYZER_NONNULL = YES;
				CLANG_CXX_LANGUAGE_STANDARD = "gnu++0x";
				CLANG_CXX_LIBRARY = "libc++";
				CLANG_ENABLE_MODULES = YES;
				CLANG_ENABLE_OBJC_ARC = YES;
				CLANG_WARN_BOOL_CONVERSION = YES;
				CLANG_WARN_CONSTANT_CONVERSION = YES;
				CLANG_WARN_DIRECT_OBJC_ISA_USAGE = YES_ERROR;
				CLANG_WARN_DOCUMENTATION_COMMENTS = YES;
				CLANG_WARN_EMPTY_BODY = YES;
				CLANG_WARN_ENUM_CONVERSION = YES;
				CLANG_WARN_INFINITE_RECURSION = YES;
				CLANG_WARN_INT_CONVERSION = YES;
				CLANG_WARN_OBJC_ROOT_CLASS = YES_ERROR;
				CLANG_WARN_SUSPICIOUS_MOVES = YES;
				CLANG_WARN_UNREACHABLE_CODE = YES;
				CLANG_WARN__DUPLICATE_METHOD_MATCH = YES;
				CODE_SIGN_IDENTITY = "-";
				COPY_PHASE_STRIP = NO;
				DEBUG_INFORMATION_FORMAT = "dwarf-with-dsym";
				ENABLE_NS_ASSERTIONS = NO;
				ENABLE_STRICT_OBJC_MSGSEND = YES;
				GCC_C_LANGUAGE_STANDARD = gnu99;
				GCC_NO_COMMON_BLOCKS = YES;
				GCC_WARN_64_TO_32_BIT_CONVERSION = YES;
				GCC_WARN_ABOUT_RETURN_TYPE = YES_ERROR;
				GCC_WARN_UNDECLARED_SELECTOR = YES;
				GCC_WARN_UNINITIALIZED_AUTOS = YES_AGGRESSIVE;
				GCC_WARN_UNUSED_FUNCTION = YES;
				GCC_WARN_UNUSED_VARIABLE = YES;
				MACOSX_DEPLOYMENT_TARGET = 10.12;
				MTL_ENABLE_DEBUG_INFO = NO;
				SDKROOT = macosx;
				SWIFT_OPTIMIZATION_LEVEL = "-Owholemodule";
			};
			name = Release;
		};
		9738FC9C1DFF1CEC00FF6A4A /* Debug */ = {
			isa = XCBuildConfiguration;
			buildSettings = {
				ASSETCATALOG_COMPILER_APPICON_NAME = AppIcon;
				COMBINE_HIDPI_IMAGES = YES;
				DEVELOPMENT_TEAM = B7SAGRFTP6;
				INFOPLIST_FILE = Soundbar/Info.plist;
				LD_RUNPATH_SEARCH_PATHS = "$(inherited) @executable_path/../Frameworks";
				PRODUCT_BUNDLE_IDENTIFIER = digital.fino.Soundbar;
				PRODUCT_NAME = "$(TARGET_NAME)";
				SWIFT_VERSION = 3.0;
			};
			name = Debug;
		};
		9738FC9D1DFF1CEC00FF6A4A /* Release */ = {
			isa = XCBuildConfiguration;
			buildSettings = {
				ASSETCATALOG_COMPILER_APPICON_NAME = AppIcon;
				COMBINE_HIDPI_IMAGES = YES;
				DEVELOPMENT_TEAM = B7SAGRFTP6;
				INFOPLIST_FILE = Soundbar/Info.plist;
				LD_RUNPATH_SEARCH_PATHS = "$(inherited) @executable_path/../Frameworks";
				PRODUCT_BUNDLE_IDENTIFIER = digital.fino.Soundbar;
				PRODUCT_NAME = "$(TARGET_NAME)";
				SWIFT_VERSION = 3.0;
			};
			name = Release;
		};
/* End XCBuildConfiguration section */

/* Begin XCConfigurationList section */
		9738FC871DFF1CEC00FF6A4A /* Build configuration list for PBXProject "Soundbar" */ = {
			isa = XCConfigurationList;
			buildConfigurations = (
				9738FC991DFF1CEC00FF6A4A /* Debug */,
				9738FC9A1DFF1CEC00FF6A4A /* Release */,
			);
			defaultConfigurationIsVisible = 0;
			defaultConfigurationName = Release;
		};
		9738FC9B1DFF1CEC00FF6A4A /* Build configuration list for PBXNativeTarget "Soundbar" */ = {
			isa = XCConfigurationList;
			buildConfigurations = (
				9738FC9C1DFF1CEC00FF6A4A /* Debug */,
				9738FC9D1DFF1CEC00FF6A4A /* Release */,
			);
			defaultConfigurationIsVisible = 0;
		};
/* End XCConfigurationList section */
	};
	rootObject = 9738FC841DFF1CEC00FF6A4A /* Project object */;
}
